// !$*UTF8*$!
{
	archiveVersion = 1;
	classes = {
	};
	objectVersion = 56;
	objects = {

/* Begin PBXBuildFile section */
		6E7C2BFF052E96DB92897FE8 /* Pods_GRDB_pod_SqliteTests.framework in Frameworks */ = {isa = PBXBuildFile; fileRef = 3E53FC1D7B64695FB146A60E /* Pods_GRDB_pod_SqliteTests.framework */; };
		7F52C17352969D1799DF306C /* Pods_GRDB_pod_Sqlite_GRDB_pod_SqliteUITests.framework in Frameworks */ = {isa = PBXBuildFile; fileRef = FBAF1967B4EA22658A4BCAD3 /* Pods_GRDB_pod_Sqlite_GRDB_pod_SqliteUITests.framework */; };
		E436EFA02B01FD5700B0DE36 /* AppDelegate.swift in Sources */ = {isa = PBXBuildFile; fileRef = E436EF9F2B01FD5700B0DE36 /* AppDelegate.swift */; };
		E436EFA22B01FD5700B0DE36 /* SceneDelegate.swift in Sources */ = {isa = PBXBuildFile; fileRef = E436EFA12B01FD5700B0DE36 /* SceneDelegate.swift */; };
		E436EFA42B01FD5700B0DE36 /* ViewController.swift in Sources */ = {isa = PBXBuildFile; fileRef = E436EFA32B01FD5700B0DE36 /* ViewController.swift */; };
		E436EFA72B01FD5700B0DE36 /* Main.storyboard in Resources */ = {isa = PBXBuildFile; fileRef = E436EFA52B01FD5700B0DE36 /* Main.storyboard */; };
		E436EFA92B01FD5900B0DE36 /* Assets.xcassets in Resources */ = {isa = PBXBuildFile; fileRef = E436EFA82B01FD5900B0DE36 /* Assets.xcassets */; };
		E436EFAC2B01FD5900B0DE36 /* LaunchScreen.storyboard in Resources */ = {isa = PBXBuildFile; fileRef = E436EFAA2B01FD5900B0DE36 /* LaunchScreen.storyboard */; };
		E436EFB72B01FD5A00B0DE36 /* GRDB_pod_SqliteTests.swift in Sources */ = {isa = PBXBuildFile; fileRef = E436EFB62B01FD5A00B0DE36 /* GRDB_pod_SqliteTests.swift */; };
		E436EFC12B01FD5A00B0DE36 /* GRDB_pod_SqliteUITests.swift in Sources */ = {isa = PBXBuildFile; fileRef = E436EFC02B01FD5A00B0DE36 /* GRDB_pod_SqliteUITests.swift */; };
		E436EFC32B01FD5A00B0DE36 /* GRDB_pod_SqliteUITestsLaunchTests.swift in Sources */ = {isa = PBXBuildFile; fileRef = E436EFC22B01FD5A00B0DE36 /* GRDB_pod_SqliteUITestsLaunchTests.swift */; };
		E436EFD02B0210C900B0DE36 /* singupvc.swift in Sources */ = {isa = PBXBuildFile; fileRef = E436EFCF2B0210C900B0DE36 /* singupvc.swift */; };
		E436EFD22B02112100B0DE36 /* NC.swift in Sources */ = {isa = PBXBuildFile; fileRef = E436EFD12B02112100B0DE36 /* NC.swift */; };
		E436EFD42B02116800B0DE36 /* Songmenu.swift in Sources */ = {isa = PBXBuildFile; fileRef = E436EFD32B02116800B0DE36 /* Songmenu.swift */; };
		E9C5BE91915B63DD1E3BAE88 /* Pods_GRDB_pod_Sqlite.framework in Frameworks */ = {isa = PBXBuildFile; fileRef = 89C03EDFF707A752D66E5E8C /* Pods_GRDB_pod_Sqlite.framework */; };
/* End PBXBuildFile section */

/* Begin PBXContainerItemProxy section */
		E436EFB32B01FD5A00B0DE36 /* PBXContainerItemProxy */ = {
			isa = PBXContainerItemProxy;
			containerPortal = E436EF942B01FD5700B0DE36 /* Project object */;
			proxyType = 1;
			remoteGlobalIDString = E436EF9B2B01FD5700B0DE36;
			remoteInfo = GRDB_pod_Sqlite;
		};
		E436EFBD2B01FD5A00B0DE36 /* PBXContainerItemProxy */ = {
			isa = PBXContainerItemProxy;
			containerPortal = E436EF942B01FD5700B0DE36 /* Project object */;
			proxyType = 1;
			remoteGlobalIDString = E436EF9B2B01FD5700B0DE36;
			remoteInfo = GRDB_pod_Sqlite;
		};
/* End PBXContainerItemProxy section */

/* Begin PBXFileReference section */
		3E53FC1D7B64695FB146A60E /* Pods_GRDB_pod_SqliteTests.framework */ = {isa = PBXFileReference; explicitFileType = wrapper.framework; includeInIndex = 0; path = Pods_GRDB_pod_SqliteTests.framework; sourceTree = BUILT_PRODUCTS_DIR; };
		627D3C8BA4168C18B3627DC6 /* Pods-GRDB_pod_SqliteTests.release.xcconfig */ = {isa = PBXFileReference; includeInIndex = 1; lastKnownFileType = text.xcconfig; name = "Pods-GRDB_pod_SqliteTests.release.xcconfig"; path = "Target Support Files/Pods-GRDB_pod_SqliteTests/Pods-GRDB_pod_SqliteTests.release.xcconfig"; sourceTree = "<group>"; };
		68C3B78CA7ADA34D01A5D5FF /* Pods-GRDB_pod_Sqlite.release.xcconfig */ = {isa = PBXFileReference; includeInIndex = 1; lastKnownFileType = text.xcconfig; name = "Pods-GRDB_pod_Sqlite.release.xcconfig"; path = "Target Support Files/Pods-GRDB_pod_Sqlite/Pods-GRDB_pod_Sqlite.release.xcconfig"; sourceTree = "<group>"; };
		7C676269772016214669963A /* Pods-GRDB_pod_Sqlite-GRDB_pod_SqliteUITests.release.xcconfig */ = {isa = PBXFileReference; includeInIndex = 1; lastKnownFileType = text.xcconfig; name = "Pods-GRDB_pod_Sqlite-GRDB_pod_SqliteUITests.release.xcconfig"; path = "Target Support Files/Pods-GRDB_pod_Sqlite-GRDB_pod_SqliteUITests/Pods-GRDB_pod_Sqlite-GRDB_pod_SqliteUITests.release.xcconfig"; sourceTree = "<group>"; };
		89C03EDFF707A752D66E5E8C /* Pods_GRDB_pod_Sqlite.framework */ = {isa = PBXFileReference; explicitFileType = wrapper.framework; includeInIndex = 0; path = Pods_GRDB_pod_Sqlite.framework; sourceTree = BUILT_PRODUCTS_DIR; };
		CCC61D4FEFB6CE44E65AEEA7 /* Pods-GRDB_pod_Sqlite.debug.xcconfig */ = {isa = PBXFileReference; includeInIndex = 1; lastKnownFileType = text.xcconfig; name = "Pods-GRDB_pod_Sqlite.debug.xcconfig"; path = "Target Support Files/Pods-GRDB_pod_Sqlite/Pods-GRDB_pod_Sqlite.debug.xcconfig"; sourceTree = "<group>"; };
		E207CD60A49898B033D23147 /* Pods-GRDB_pod_Sqlite-GRDB_pod_SqliteUITests.debug.xcconfig */ = {isa = PBXFileReference; includeInIndex = 1; lastKnownFileType = text.xcconfig; name = "Pods-GRDB_pod_Sqlite-GRDB_pod_SqliteUITests.debug.xcconfig"; path = "Target Support Files/Pods-GRDB_pod_Sqlite-GRDB_pod_SqliteUITests/Pods-GRDB_pod_Sqlite-GRDB_pod_SqliteUITests.debug.xcconfig"; sourceTree = "<group>"; };
		E436EF9C2B01FD5700B0DE36 /* GRDB_pod_Sqlite.app */ = {isa = PBXFileReference; explicitFileType = wrapper.application; includeInIndex = 0; path = GRDB_pod_Sqlite.app; sourceTree = BUILT_PRODUCTS_DIR; };
		E436EF9F2B01FD5700B0DE36 /* AppDelegate.swift */ = {isa = PBXFileReference; lastKnownFileType = sourcecode.swift; path = AppDelegate.swift; sourceTree = "<group>"; };
		E436EFA12B01FD5700B0DE36 /* SceneDelegate.swift */ = {isa = PBXFileReference; lastKnownFileType = sourcecode.swift; path = SceneDelegate.swift; sourceTree = "<group>"; };
		E436EFA32B01FD5700B0DE36 /* ViewController.swift */ = {isa = PBXFileReference; lastKnownFileType = sourcecode.swift; path = ViewController.swift; sourceTree = "<group>"; };
		E436EFA62B01FD5700B0DE36 /* Base */ = {isa = PBXFileReference; lastKnownFileType = file.storyboard; name = Base; path = Base.lproj/Main.storyboard; sourceTree = "<group>"; };
		E436EFA82B01FD5900B0DE36 /* Assets.xcassets */ = {isa = PBXFileReference; lastKnownFileType = folder.assetcatalog; path = Assets.xcassets; sourceTree = "<group>"; };
		E436EFAB2B01FD5900B0DE36 /* Base */ = {isa = PBXFileReference; lastKnownFileType = file.storyboard; name = Base; path = Base.lproj/LaunchScreen.storyboard; sourceTree = "<group>"; };
		E436EFAD2B01FD5900B0DE36 /* Info.plist */ = {isa = PBXFileReference; lastKnownFileType = text.plist.xml; path = Info.plist; sourceTree = "<group>"; };
		E436EFB22B01FD5A00B0DE36 /* GRDB_pod_SqliteTests.xctest */ = {isa = PBXFileReference; explicitFileType = wrapper.cfbundle; includeInIndex = 0; path = GRDB_pod_SqliteTests.xctest; sourceTree = BUILT_PRODUCTS_DIR; };
		E436EFB62B01FD5A00B0DE36 /* GRDB_pod_SqliteTests.swift */ = {isa = PBXFileReference; lastKnownFileType = sourcecode.swift; path = GRDB_pod_SqliteTests.swift; sourceTree = "<group>"; };
		E436EFBC2B01FD5A00B0DE36 /* GRDB_pod_SqliteUITests.xctest */ = {isa = PBXFileReference; explicitFileType = wrapper.cfbundle; includeInIndex = 0; path = GRDB_pod_SqliteUITests.xctest; sourceTree = BUILT_PRODUCTS_DIR; };
		E436EFC02B01FD5A00B0DE36 /* GRDB_pod_SqliteUITests.swift */ = {isa = PBXFileReference; lastKnownFileType = sourcecode.swift; path = GRDB_pod_SqliteUITests.swift; sourceTree = "<group>"; };
		E436EFC22B01FD5A00B0DE36 /* GRDB_pod_SqliteUITestsLaunchTests.swift */ = {isa = PBXFileReference; lastKnownFileType = sourcecode.swift; path = GRDB_pod_SqliteUITestsLaunchTests.swift; sourceTree = "<group>"; };
		E436EFCF2B0210C900B0DE36 /* singupvc.swift */ = {isa = PBXFileReference; lastKnownFileType = sourcecode.swift; path = singupvc.swift; sourceTree = "<group>"; };
		E436EFD12B02112100B0DE36 /* NC.swift */ = {isa = PBXFileReference; lastKnownFileType = sourcecode.swift; path = NC.swift; sourceTree = "<group>"; };
		E436EFD32B02116800B0DE36 /* Songmenu.swift */ = {isa = PBXFileReference; lastKnownFileType = sourcecode.swift; path = Songmenu.swift; sourceTree = "<group>"; };
		F2298B0056E6CA05BB044C5C /* Pods-GRDB_pod_SqliteTests.debug.xcconfig */ = {isa = PBXFileReference; includeInIndex = 1; lastKnownFileType = text.xcconfig; name = "Pods-GRDB_pod_SqliteTests.debug.xcconfig"; path = "Target Support Files/Pods-GRDB_pod_SqliteTests/Pods-GRDB_pod_SqliteTests.debug.xcconfig"; sourceTree = "<group>"; };
		FBAF1967B4EA22658A4BCAD3 /* Pods_GRDB_pod_Sqlite_GRDB_pod_SqliteUITests.framework */ = {isa = PBXFileReference; explicitFileType = wrapper.framework; includeInIndex = 0; path = Pods_GRDB_pod_Sqlite_GRDB_pod_SqliteUITests.framework; sourceTree = BUILT_PRODUCTS_DIR; };
/* End PBXFileReference section */

/* Begin PBXFrameworksBuildPhase section */
		E436EF992B01FD5700B0DE36 /* Frameworks */ = {
			isa = PBXFrameworksBuildPhase;
			buildActionMask = 2147483647;
			files = (
				E9C5BE91915B63DD1E3BAE88 /* Pods_GRDB_pod_Sqlite.framework in Frameworks */,
			);
			runOnlyForDeploymentPostprocessing = 0;
		};
		E436EFAF2B01FD5A00B0DE36 /* Frameworks */ = {
			isa = PBXFrameworksBuildPhase;
			buildActionMask = 2147483647;
			files = (
				6E7C2BFF052E96DB92897FE8 /* Pods_GRDB_pod_SqliteTests.framework in Frameworks */,
			);
			runOnlyForDeploymentPostprocessing = 0;
		};
		E436EFB92B01FD5A00B0DE36 /* Frameworks */ = {
			isa = PBXFrameworksBuildPhase;
			buildActionMask = 2147483647;
			files = (
				7F52C17352969D1799DF306C /* Pods_GRDB_pod_Sqlite_GRDB_pod_SqliteUITests.framework in Frameworks */,
			);
			runOnlyForDeploymentPostprocessing = 0;
		};
/* End PBXFrameworksBuildPhase section */

/* Begin PBXGroup section */
		5C1977F657ECFDA6B13811E5 /* Pods */ = {
			isa = PBXGroup;
			children = (
				CCC61D4FEFB6CE44E65AEEA7 /* Pods-GRDB_pod_Sqlite.debug.xcconfig */,
				68C3B78CA7ADA34D01A5D5FF /* Pods-GRDB_pod_Sqlite.release.xcconfig */,
				E207CD60A49898B033D23147 /* Pods-GRDB_pod_Sqlite-GRDB_pod_SqliteUITests.debug.xcconfig */,
				7C676269772016214669963A /* Pods-GRDB_pod_Sqlite-GRDB_pod_SqliteUITests.release.xcconfig */,
				F2298B0056E6CA05BB044C5C /* Pods-GRDB_pod_SqliteTests.debug.xcconfig */,
				627D3C8BA4168C18B3627DC6 /* Pods-GRDB_pod_SqliteTests.release.xcconfig */,
			);
			path = Pods;
			sourceTree = "<group>";
		};
		6232C53B48C95347A2932BAD /* Frameworks */ = {
			isa = PBXGroup;
			children = (
				89C03EDFF707A752D66E5E8C /* Pods_GRDB_pod_Sqlite.framework */,
				FBAF1967B4EA22658A4BCAD3 /* Pods_GRDB_pod_Sqlite_GRDB_pod_SqliteUITests.framework */,
				3E53FC1D7B64695FB146A60E /* Pods_GRDB_pod_SqliteTests.framework */,
			);
			name = Frameworks;
			sourceTree = "<group>";
		};
		E436EF932B01FD5700B0DE36 = {
			isa = PBXGroup;
			children = (
				E436EF9E2B01FD5700B0DE36 /* GRDB_pod_Sqlite */,
				E436EFB52B01FD5A00B0DE36 /* GRDB_pod_SqliteTests */,
				E436EFBF2B01FD5A00B0DE36 /* GRDB_pod_SqliteUITests */,
				E436EF9D2B01FD5700B0DE36 /* Products */,
				5C1977F657ECFDA6B13811E5 /* Pods */,
				6232C53B48C95347A2932BAD /* Frameworks */,
			);
			sourceTree = "<group>";
		};
		E436EF9D2B01FD5700B0DE36 /* Products */ = {
			isa = PBXGroup;
			children = (
				E436EF9C2B01FD5700B0DE36 /* GRDB_pod_Sqlite.app */,
				E436EFB22B01FD5A00B0DE36 /* GRDB_pod_SqliteTests.xctest */,
				E436EFBC2B01FD5A00B0DE36 /* GRDB_pod_SqliteUITests.xctest */,
			);
			name = Products;
			sourceTree = "<group>";
		};
		E436EF9E2B01FD5700B0DE36 /* GRDB_pod_Sqlite */ = {
			isa = PBXGroup;
			children = (
				E436EF9F2B01FD5700B0DE36 /* AppDelegate.swift */,
				E436EFA12B01FD5700B0DE36 /* SceneDelegate.swift */,
				E436EFA32B01FD5700B0DE36 /* ViewController.swift */,
				E436EFA52B01FD5700B0DE36 /* Main.storyboard */,
				E436EFA82B01FD5900B0DE36 /* Assets.xcassets */,
				E436EFAA2B01FD5900B0DE36 /* LaunchScreen.storyboard */,
				E436EFAD2B01FD5900B0DE36 /* Info.plist */,
				E436EFCF2B0210C900B0DE36 /* singupvc.swift */,
				E436EFD12B02112100B0DE36 /* NC.swift */,
				E436EFD32B02116800B0DE36 /* Songmenu.swift */,
			);
			path = GRDB_pod_Sqlite;
			sourceTree = "<group>";
		};
		E436EFB52B01FD5A00B0DE36 /* GRDB_pod_SqliteTests */ = {
			isa = PBXGroup;
			children = (
				E436EFB62B01FD5A00B0DE36 /* GRDB_pod_SqliteTests.swift */,
			);
			path = GRDB_pod_SqliteTests;
			sourceTree = "<group>";
		};
		E436EFBF2B01FD5A00B0DE36 /* GRDB_pod_SqliteUITests */ = {
			isa = PBXGroup;
			children = (
				E436EFC02B01FD5A00B0DE36 /* GRDB_pod_SqliteUITests.swift */,
				E436EFC22B01FD5A00B0DE36 /* GRDB_pod_SqliteUITestsLaunchTests.swift */,
			);
			path = GRDB_pod_SqliteUITests;
			sourceTree = "<group>";
		};
/* End PBXGroup section */

/* Begin PBXNativeTarget section */
		E436EF9B2B01FD5700B0DE36 /* GRDB_pod_Sqlite */ = {
			isa = PBXNativeTarget;
			buildConfigurationList = E436EFC62B01FD5A00B0DE36 /* Build configuration list for PBXNativeTarget "GRDB_pod_Sqlite" */;
			buildPhases = (
				811AE893F515A6DA2ADD2C75 /* [CP] Check Pods Manifest.lock */,
				E436EF982B01FD5700B0DE36 /* Sources */,
				E436EF992B01FD5700B0DE36 /* Frameworks */,
				E436EF9A2B01FD5700B0DE36 /* Resources */,
				395E9C97A0D932713875965E /* [CP] Embed Pods Frameworks */,
			);
			buildRules = (
			);
			dependencies = (
			);
			name = GRDB_pod_Sqlite;
			productName = GRDB_pod_Sqlite;
			productReference = E436EF9C2B01FD5700B0DE36 /* GRDB_pod_Sqlite.app */;
			productType = "com.apple.product-type.application";
		};
		E436EFB12B01FD5A00B0DE36 /* GRDB_pod_SqliteTests */ = {
			isa = PBXNativeTarget;
			buildConfigurationList = E436EFC92B01FD5A00B0DE36 /* Build configuration list for PBXNativeTarget "GRDB_pod_SqliteTests" */;
			buildPhases = (
				436FD60B6F45AAD091F69A6C /* [CP] Check Pods Manifest.lock */,
				E436EFAE2B01FD5A00B0DE36 /* Sources */,
				E436EFAF2B01FD5A00B0DE36 /* Frameworks */,
				E436EFB02B01FD5A00B0DE36 /* Resources */,
			);
			buildRules = (
			);
			dependencies = (
				E436EFB42B01FD5A00B0DE36 /* PBXTargetDependency */,
			);
			name = GRDB_pod_SqliteTests;
			productName = GRDB_pod_SqliteTests;
			productReference = E436EFB22B01FD5A00B0DE36 /* GRDB_pod_SqliteTests.xctest */;
			productType = "com.apple.product-type.bundle.unit-test";
		};
		E436EFBB2B01FD5A00B0DE36 /* GRDB_pod_SqliteUITests */ = {
			isa = PBXNativeTarget;
			buildConfigurationList = E436EFCC2B01FD5A00B0DE36 /* Build configuration list for PBXNativeTarget "GRDB_pod_SqliteUITests" */;
			buildPhases = (
				06DFA6608E42E3D2DB0A7DDC /* [CP] Check Pods Manifest.lock */,
				E436EFB82B01FD5A00B0DE36 /* Sources */,
				E436EFB92B01FD5A00B0DE36 /* Frameworks */,
				E436EFBA2B01FD5A00B0DE36 /* Resources */,
				6A8991407378A3FF6BAE6B0B /* [CP] Embed Pods Frameworks */,
			);
			buildRules = (
			);
			dependencies = (
				E436EFBE2B01FD5A00B0DE36 /* PBXTargetDependency */,
			);
			name = GRDB_pod_SqliteUITests;
			productName = GRDB_pod_SqliteUITests;
			productReference = E436EFBC2B01FD5A00B0DE36 /* GRDB_pod_SqliteUITests.xctest */;
			productType = "com.apple.product-type.bundle.ui-testing";
		};
/* End PBXNativeTarget section */

/* Begin PBXProject section */
		E436EF942B01FD5700B0DE36 /* Project object */ = {
			isa = PBXProject;
			attributes = {
				BuildIndependentTargetsInParallel = 1;
				LastSwiftUpdateCheck = 1500;
				LastUpgradeCheck = 1500;
				TargetAttributes = {
					E436EF9B2B01FD5700B0DE36 = {
						CreatedOnToolsVersion = 15.0;
					};
					E436EFB12B01FD5A00B0DE36 = {
						CreatedOnToolsVersion = 15.0;
						TestTargetID = E436EF9B2B01FD5700B0DE36;
					};
					E436EFBB2B01FD5A00B0DE36 = {
						CreatedOnToolsVersion = 15.0;
						TestTargetID = E436EF9B2B01FD5700B0DE36;
					};
				};
			};
			buildConfigurationList = E436EF972B01FD5700B0DE36 /* Build configuration list for PBXProject "GRDB_pod_Sqlite" */;
			compatibilityVersion = "Xcode 14.0";
			developmentRegion = en;
			hasScannedForEncodings = 0;
			knownRegions = (
				en,
				Base,
			);
			mainGroup = E436EF932B01FD5700B0DE36;
			productRefGroup = E436EF9D2B01FD5700B0DE36 /* Products */;
			projectDirPath = "";
			projectRoot = "";
			targets = (
				E436EF9B2B01FD5700B0DE36 /* GRDB_pod_Sqlite */,
				E436EFB12B01FD5A00B0DE36 /* GRDB_pod_SqliteTests */,
				E436EFBB2B01FD5A00B0DE36 /* GRDB_pod_SqliteUITests */,
			);
		};
/* End PBXProject section */

/* Begin PBXResourcesBuildPhase section */
		E436EF9A2B01FD5700B0DE36 /* Resources */ = {
			isa = PBXResourcesBuildPhase;
			buildActionMask = 2147483647;
			files = (
				E436EFAC2B01FD5900B0DE36 /* LaunchScreen.storyboard in Resources */,
				E436EFA92B01FD5900B0DE36 /* Assets.xcassets in Resources */,
				E436EFA72B01FD5700B0DE36 /* Main.storyboard in Resources */,
			);
			runOnlyForDeploymentPostprocessing = 0;
		};
		E436EFB02B01FD5A00B0DE36 /* Resources */ = {
			isa = PBXResourcesBuildPhase;
			buildActionMask = 2147483647;
			files = (
			);
			runOnlyForDeploymentPostprocessing = 0;
		};
		E436EFBA2B01FD5A00B0DE36 /* Resources */ = {
			isa = PBXResourcesBuildPhase;
			buildActionMask = 2147483647;
			files = (
			);
			runOnlyForDeploymentPostprocessing = 0;
		};
/* End PBXResourcesBuildPhase section */

/* Begin PBXShellScriptBuildPhase section */
		06DFA6608E42E3D2DB0A7DDC /* [CP] Check Pods Manifest.lock */ = {
			isa = PBXShellScriptBuildPhase;
			buildActionMask = 2147483647;
			files = (
			);
			inputFileListPaths = (
			);
			inputPaths = (
				"${PODS_PODFILE_DIR_PATH}/Podfile.lock",
				"${PODS_ROOT}/Manifest.lock",
			);
			name = "[CP] Check Pods Manifest.lock";
			outputFileListPaths = (
			);
			outputPaths = (
				"$(DERIVED_FILE_DIR)/Pods-GRDB_pod_Sqlite-GRDB_pod_SqliteUITests-checkManifestLockResult.txt",
			);
			runOnlyForDeploymentPostprocessing = 0;
			shellPath = /bin/sh;
			shellScript = "diff \"${PODS_PODFILE_DIR_PATH}/Podfile.lock\" \"${PODS_ROOT}/Manifest.lock\" > /dev/null\nif [ $? != 0 ] ; then\n    # print error to STDERR\n    echo \"error: The sandbox is not in sync with the Podfile.lock. Run 'pod install' or update your CocoaPods installation.\" >&2\n    exit 1\nfi\n# This output is used by Xcode 'outputs' to avoid re-running this script phase.\necho \"SUCCESS\" > \"${SCRIPT_OUTPUT_FILE_0}\"\n";
			showEnvVarsInLog = 0;
		};
		395E9C97A0D932713875965E /* [CP] Embed Pods Frameworks */ = {
			isa = PBXShellScriptBuildPhase;
			buildActionMask = 2147483647;
			files = (
			);
			inputFileListPaths = (
				"${PODS_ROOT}/Target Support Files/Pods-GRDB_pod_Sqlite/Pods-GRDB_pod_Sqlite-frameworks-${CONFIGURATION}-input-files.xcfilelist",
			);
			name = "[CP] Embed Pods Frameworks";
			outputFileListPaths = (
				"${PODS_ROOT}/Target Support Files/Pods-GRDB_pod_Sqlite/Pods-GRDB_pod_Sqlite-frameworks-${CONFIGURATION}-output-files.xcfilelist",
			);
			runOnlyForDeploymentPostprocessing = 0;
			shellPath = /bin/sh;
			shellScript = "\"${PODS_ROOT}/Target Support Files/Pods-GRDB_pod_Sqlite/Pods-GRDB_pod_Sqlite-frameworks.sh\"\n";
			showEnvVarsInLog = 0;
		};
		436FD60B6F45AAD091F69A6C /* [CP] Check Pods Manifest.lock */ = {
			isa = PBXShellScriptBuildPhase;
			buildActionMask = 2147483647;
			files = (
			);
			inputFileListPaths = (
			);
			inputPaths = (
				"${PODS_PODFILE_DIR_PATH}/Podfile.lock",
				"${PODS_ROOT}/Manifest.lock",
			);
			name = "[CP] Check Pods Manifest.lock";
			outputFileListPaths = (
			);
			outputPaths = (
				"$(DERIVED_FILE_DIR)/Pods-GRDB_pod_SqliteTests-checkManifestLockResult.txt",
			);
			runOnlyForDeploymentPostprocessing = 0;
			shellPath = /bin/sh;
			shellScript = "diff \"${PODS_PODFILE_DIR_PATH}/Podfile.lock\" \"${PODS_ROOT}/Manifest.lock\" > /dev/null\nif [ $? != 0 ] ; then\n    # print error to STDERR\n    echo \"error: The sandbox is not in sync with the Podfile.lock. Run 'pod install' or update your CocoaPods installation.\" >&2\n    exit 1\nfi\n# This output is used by Xcode 'outputs' to avoid re-running this script phase.\necho \"SUCCESS\" > \"${SCRIPT_OUTPUT_FILE_0}\"\n";
			showEnvVarsInLog = 0;
		};
		6A8991407378A3FF6BAE6B0B /* [CP] Embed Pods Frameworks */ = {
			isa = PBXShellScriptBuildPhase;
			buildActionMask = 2147483647;
			files = (
			);
			inputFileListPaths = (
				"${PODS_ROOT}/Target Support Files/Pods-GRDB_pod_Sqlite-GRDB_pod_SqliteUITests/Pods-GRDB_pod_Sqlite-GRDB_pod_SqliteUITests-frameworks-${CONFIGURATION}-input-files.xcfilelist",
			);
			name = "[CP] Embed Pods Frameworks";
			outputFileListPaths = (
				"${PODS_ROOT}/Target Support Files/Pods-GRDB_pod_Sqlite-GRDB_pod_SqliteUITests/Pods-GRDB_pod_Sqlite-GRDB_pod_SqliteUITests-frameworks-${CONFIGURATION}-output-files.xcfilelist",
			);
			runOnlyForDeploymentPostprocessing = 0;
			shellPath = /bin/sh;
			shellScript = "\"${PODS_ROOT}/Target Support Files/Pods-GRDB_pod_Sqlite-GRDB_pod_SqliteUITests/Pods-GRDB_pod_Sqlite-GRDB_pod_SqliteUITests-frameworks.sh\"\n";
			showEnvVarsInLog = 0;
		};
		811AE893F515A6DA2ADD2C75 /* [CP] Check Pods Manifest.lock */ = {
			isa = PBXShellScriptBuildPhase;
			buildActionMask = 2147483647;
			files = (
			);
			inputFileListPaths = (
			);
			inputPaths = (
				"${PODS_PODFILE_DIR_PATH}/Podfile.lock",
				"${PODS_ROOT}/Manifest.lock",
			);
			name = "[CP] Check Pods Manifest.lock";
			outputFileListPaths = (
			);
			outputPaths = (
				"$(DERIVED_FILE_DIR)/Pods-GRDB_pod_Sqlite-checkManifestLockResult.txt",
			);
			runOnlyForDeploymentPostprocessing = 0;
			shellPath = /bin/sh;
			shellScript = "diff \"${PODS_PODFILE_DIR_PATH}/Podfile.lock\" \"${PODS_ROOT}/Manifest.lock\" > /dev/null\nif [ $? != 0 ] ; then\n    # print error to STDERR\n    echo \"error: The sandbox is not in sync with the Podfile.lock. Run 'pod install' or update your CocoaPods installation.\" >&2\n    exit 1\nfi\n# This output is used by Xcode 'outputs' to avoid re-running this script phase.\necho \"SUCCESS\" > \"${SCRIPT_OUTPUT_FILE_0}\"\n";
			showEnvVarsInLog = 0;
		};
/* End PBXShellScriptBuildPhase section */

/* Begin PBXSourcesBuildPhase section */
		E436EF982B01FD5700B0DE36 /* Sources */ = {
			isa = PBXSourcesBuildPhase;
			buildActionMask = 2147483647;
			files = (
				E436EFD02B0210C900B0DE36 /* singupvc.swift in Sources */,
				E436EFD42B02116800B0DE36 /* Songmenu.swift in Sources */,
				E436EFA42B01FD5700B0DE36 /* ViewController.swift in Sources */,
				E436EFA02B01FD5700B0DE36 /* AppDelegate.swift in Sources */,
				E436EFD22B02112100B0DE36 /* NC.swift in Sources */,
				E436EFA22B01FD5700B0DE36 /* SceneDelegate.swift in Sources */,
			);
			runOnlyForDeploymentPostprocessing = 0;
		};
		E436EFAE2B01FD5A00B0DE36 /* Sources */ = {
			isa = PBXSourcesBuildPhase;
			buildActionMask = 2147483647;
			files = (
				E436EFB72B01FD5A00B0DE36 /* GRDB_pod_SqliteTests.swift in Sources */,
			);
			runOnlyForDeploymentPostprocessing = 0;
		};
		E436EFB82B01FD5A00B0DE36 /* Sources */ = {
			isa = PBXSourcesBuildPhase;
			buildActionMask = 2147483647;
			files = (
				E436EFC12B01FD5A00B0DE36 /* GRDB_pod_SqliteUITests.swift in Sources */,
				E436EFC32B01FD5A00B0DE36 /* GRDB_pod_SqliteUITestsLaunchTests.swift in Sources */,
			);
			runOnlyForDeploymentPostprocessing = 0;
		};
/* End PBXSourcesBuildPhase section */

/* Begin PBXTargetDependency section */
		E436EFB42B01FD5A00B0DE36 /* PBXTargetDependency */ = {
			isa = PBXTargetDependency;
			target = E436EF9B2B01FD5700B0DE36 /* GRDB_pod_Sqlite */;
			targetProxy = E436EFB32B01FD5A00B0DE36 /* PBXContainerItemProxy */;
		};
		E436EFBE2B01FD5A00B0DE36 /* PBXTargetDependency */ = {
			isa = PBXTargetDependency;
			target = E436EF9B2B01FD5700B0DE36 /* GRDB_pod_Sqlite */;
			targetProxy = E436EFBD2B01FD5A00B0DE36 /* PBXContainerItemProxy */;
		};
/* End PBXTargetDependency section */

/* Begin PBXVariantGroup section */
		E436EFA52B01FD5700B0DE36 /* Main.storyboard */ = {
			isa = PBXVariantGroup;
			children = (
				E436EFA62B01FD5700B0DE36 /* Base */,
			);
			name = Main.storyboard;
			sourceTree = "<group>";
		};
		E436EFAA2B01FD5900B0DE36 /* LaunchScreen.storyboard */ = {
			isa = PBXVariantGroup;
			children = (
				E436EFAB2B01FD5900B0DE36 /* Base */,
			);
			name = LaunchScreen.storyboard;
			sourceTree = "<group>";
		};
/* End PBXVariantGroup section */

/* Begin XCBuildConfiguration section */
		E436EFC42B01FD5A00B0DE36 /* Debug */ = {
			isa = XCBuildConfiguration;
			buildSettings = {
				ALWAYS_SEARCH_USER_PATHS = NO;
				ASSETCATALOG_COMPILER_GENERATE_SWIFT_ASSET_SYMBOL_EXTENSIONS = YES;
				CLANG_ANALYZER_NONNULL = YES;
				CLANG_ANALYZER_NUMBER_OBJECT_CONVERSION = YES_AGGRESSIVE;
				CLANG_CXX_LANGUAGE_STANDARD = "gnu++20";
				CLANG_ENABLE_MODULES = YES;
				CLANG_ENABLE_OBJC_ARC = YES;
				CLANG_ENABLE_OBJC_WEAK = YES;
				CLANG_WARN_BLOCK_CAPTURE_AUTORELEASING = YES;
				CLANG_WARN_BOOL_CONVERSION = YES;
				CLANG_WARN_COMMA = YES;
				CLANG_WARN_CONSTANT_CONVERSION = YES;
				CLANG_WARN_DEPRECATED_OBJC_IMPLEMENTATIONS = YES;
				CLANG_WARN_DIRECT_OBJC_ISA_USAGE = YES_ERROR;
				CLANG_WARN_DOCUMENTATION_COMMENTS = YES;
				CLANG_WARN_EMPTY_BODY = YES;
				CLANG_WARN_ENUM_CONVERSION = YES;
				CLANG_WARN_INFINITE_RECURSION = YES;
				CLANG_WARN_INT_CONVERSION = YES;
				CLANG_WARN_NON_LITERAL_NULL_CONVERSION = YES;
				CLANG_WARN_OBJC_IMPLICIT_RETAIN_SELF = YES;
				CLANG_WARN_OBJC_LITERAL_CONVERSION = YES;
				CLANG_WARN_OBJC_ROOT_CLASS = YES_ERROR;
				CLANG_WARN_QUOTED_INCLUDE_IN_FRAMEWORK_HEADER = YES;
				CLANG_WARN_RANGE_LOOP_ANALYSIS = YES;
				CLANG_WARN_STRICT_PROTOTYPES = YES;
				CLANG_WARN_SUSPICIOUS_MOVE = YES;
				CLANG_WARN_UNGUARDED_AVAILABILITY = YES_AGGRESSIVE;
				CLANG_WARN_UNREACHABLE_CODE = YES;
				CLANG_WARN__DUPLICATE_METHOD_MATCH = YES;
				COPY_PHASE_STRIP = NO;
				DEBUG_INFORMATION_FORMAT = dwarf;
				ENABLE_STRICT_OBJC_MSGSEND = YES;
				ENABLE_TESTABILITY = YES;
				ENABLE_USER_SCRIPT_SANDBOXING = YES;
				GCC_C_LANGUAGE_STANDARD = gnu17;
				GCC_DYNAMIC_NO_PIC = NO;
				GCC_NO_COMMON_BLOCKS = YES;
				GCC_OPTIMIZATION_LEVEL = 0;
				GCC_PREPROCESSOR_DEFINITIONS = (
					"DEBUG=1",
					"$(inherited)",
				);
				GCC_WARN_64_TO_32_BIT_CONVERSION = YES;
				GCC_WARN_ABOUT_RETURN_TYPE = YES_ERROR;
				GCC_WARN_UNDECLARED_SELECTOR = YES;
				GCC_WARN_UNINITIALIZED_AUTOS = YES_AGGRESSIVE;
				GCC_WARN_UNUSED_FUNCTION = YES;
				GCC_WARN_UNUSED_VARIABLE = YES;
				IPHONEOS_DEPLOYMENT_TARGET = 17.0;
				LOCALIZATION_PREFERS_STRING_CATALOGS = YES;
				MTL_ENABLE_DEBUG_INFO = INCLUDE_SOURCE;
				MTL_FAST_MATH = YES;
				ONLY_ACTIVE_ARCH = YES;
				SDKROOT = iphoneos;
				SWIFT_ACTIVE_COMPILATION_CONDITIONS = "DEBUG $(inherited)";
				SWIFT_OPTIMIZATION_LEVEL = "-Onone";
			};
			name = Debug;
		};
		E436EFC52B01FD5A00B0DE36 /* Release */ = {
			isa = XCBuildConfiguration;
			buildSettings = {
				ALWAYS_SEARCH_USER_PATHS = NO;
				ASSETCATALOG_COMPILER_GENERATE_SWIFT_ASSET_SYMBOL_EXTENSIONS = YES;
				CLANG_ANALYZER_NONNULL = YES;
				CLANG_ANALYZER_NUMBER_OBJECT_CONVERSION = YES_AGGRESSIVE;
				CLANG_CXX_LANGUAGE_STANDARD = "gnu++20";
				CLANG_ENABLE_MODULES = YES;
				CLANG_ENABLE_OBJC_ARC = YES;
				CLANG_ENABLE_OBJC_WEAK = YES;
				CLANG_WARN_BLOCK_CAPTURE_AUTORELEASING = YES;
				CLANG_WARN_BOOL_CONVERSION = YES;
				CLANG_WARN_COMMA = YES;
				CLANG_WARN_CONSTANT_CONVERSION = YES;
				CLANG_WARN_DEPRECATED_OBJC_IMPLEMENTATIONS = YES;
				CLANG_WARN_DIRECT_OBJC_ISA_USAGE = YES_ERROR;
				CLANG_WARN_DOCUMENTATION_COMMENTS = YES;
				CLANG_WARN_EMPTY_BODY = YES;
				CLANG_WARN_ENUM_CONVERSION = YES;
				CLANG_WARN_INFINITE_RECURSION = YES;
				CLANG_WARN_INT_CONVERSION = YES;
				CLANG_WARN_NON_LITERAL_NULL_CONVERSION = YES;
				CLANG_WARN_OBJC_IMPLICIT_RETAIN_SELF = YES;
				CLANG_WARN_OBJC_LITERAL_CONVERSION = YES;
				CLANG_WARN_OBJC_ROOT_CLASS = YES_ERROR;
				CLANG_WARN_QUOTED_INCLUDE_IN_FRAMEWORK_HEADER = YES;
				CLANG_WARN_RANGE_LOOP_ANALYSIS = YES;
				CLANG_WARN_STRICT_PROTOTYPES = YES;
				CLANG_WARN_SUSPICIOUS_MOVE = YES;
				CLANG_WARN_UNGUARDED_AVAILABILITY = YES_AGGRESSIVE;
				CLANG_WARN_UNREACHABLE_CODE = YES;
				CLANG_WARN__DUPLICATE_METHOD_MATCH = YES;
				COPY_PHASE_STRIP = NO;
				DEBUG_INFORMATION_FORMAT = "dwarf-with-dsym";
				ENABLE_NS_ASSERTIONS = NO;
				ENABLE_STRICT_OBJC_MSGSEND = YES;
				ENABLE_USER_SCRIPT_SANDBOXING = YES;
				GCC_C_LANGUAGE_STANDARD = gnu17;
				GCC_NO_COMMON_BLOCKS = YES;
				GCC_WARN_64_TO_32_BIT_CONVERSION = YES;
				GCC_WARN_ABOUT_RETURN_TYPE = YES_ERROR;
				GCC_WARN_UNDECLARED_SELECTOR = YES;
				GCC_WARN_UNINITIALIZED_AUTOS = YES_AGGRESSIVE;
				GCC_WARN_UNUSED_FUNCTION = YES;
				GCC_WARN_UNUSED_VARIABLE = YES;
				IPHONEOS_DEPLOYMENT_TARGET = 17.0;
				LOCALIZATION_PREFERS_STRING_CATALOGS = YES;
				MTL_ENABLE_DEBUG_INFO = NO;
				MTL_FAST_MATH = YES;
				SDKROOT = iphoneos;
				SWIFT_COMPILATION_MODE = wholemodule;
				VALIDATE_PRODUCT = YES;
			};
			name = Release;
		};
		E436EFC72B01FD5A00B0DE36 /* Debug */ = {
			isa = XCBuildConfiguration;
			baseConfigurationReference = CCC61D4FEFB6CE44E65AEEA7 /* Pods-GRDB_pod_Sqlite.debug.xcconfig */;
			buildSettings = {
				ASSETCATALOG_COMPILER_APPICON_NAME = AppIcon;
				ASSETCATALOG_COMPILER_GLOBAL_ACCENT_COLOR_NAME = AccentColor;
				CODE_SIGN_STYLE = Automatic;
				CURRENT_PROJECT_VERSION = 1;
				DEVELOPMENT_TEAM = LN25KMSU93;
				GENERATE_INFOPLIST_FILE = YES;
				INFOPLIST_FILE = GRDB_pod_Sqlite/Info.plist;
				INFOPLIST_KEY_UIApplicationSupportsIndirectInputEvents = YES;
				INFOPLIST_KEY_UILaunchStoryboardName = LaunchScreen;
				INFOPLIST_KEY_UIMainStoryboardFile = Main;
				INFOPLIST_KEY_UISupportedInterfaceOrientations_iPad = "UIInterfaceOrientationPortrait UIInterfaceOrientationPortraitUpsideDown UIInterfaceOrientationLandscapeLeft UIInterfaceOrientationLandscapeRight";
				INFOPLIST_KEY_UISupportedInterfaceOrientations_iPhone = "UIInterfaceOrientationPortrait UIInterfaceOrientationLandscapeLeft UIInterfaceOrientationLandscapeRight";
				LD_RUNPATH_SEARCH_PATHS = (
					"$(inherited)",
					"@executable_path/Frameworks",
				);
				MARKETING_VERSION = 1.0;
				PRODUCT_BUNDLE_IDENTIFIER = "Vituruch.GRDB-pod-Sqlite";
				PRODUCT_NAME = "$(TARGET_NAME)";
				SWIFT_EMIT_LOC_STRINGS = YES;
				SWIFT_VERSION = 5.0;
				TARGETED_DEVICE_FAMILY = "1,2";
			};
			name = Debug;
		};
		E436EFC82B01FD5A00B0DE36 /* Release */ = {
			isa = XCBuildConfiguration;
			baseConfigurationReference = 68C3B78CA7ADA34D01A5D5FF /* Pods-GRDB_pod_Sqlite.release.xcconfig */;
			buildSettings = {
				ASSETCATALOG_COMPILER_APPICON_NAME = AppIcon;
				ASSETCATALOG_COMPILER_GLOBAL_ACCENT_COLOR_NAME = AccentColor;
				CODE_SIGN_STYLE = Automatic;
				CURRENT_PROJECT_VERSION = 1;
				DEVELOPMENT_TEAM = LN25KMSU93;
				GENERATE_INFOPLIST_FILE = YES;
				INFOPLIST_FILE = GRDB_pod_Sqlite/Info.plist;
				INFOPLIST_KEY_UIApplicationSupportsIndirectInputEvents = YES;
				INFOPLIST_KEY_UILaunchStoryboardName = LaunchScreen;
				INFOPLIST_KEY_UIMainStoryboardFile = Main;
				INFOPLIST_KEY_UISupportedInterfaceOrientations_iPad = "UIInterfaceOrientationPortrait UIInterfaceOrientationPortraitUpsideDown UIInterfaceOrientationLandscapeLeft UIInterfaceOrientationLandscapeRight";
				INFOPLIST_KEY_UISupportedInterfaceOrientations_iPhone = "UIInterfaceOrientationPortrait UIInterfaceOrientationLandscapeLeft UIInterfaceOrientationLandscapeRight";
				LD_RUNPATH_SEARCH_PATHS = (
					"$(inherited)",
					"@executable_path/Frameworks",
				);
				MARKETING_VERSION = 1.0;
				PRODUCT_BUNDLE_IDENTIFIER = "Vituruch.GRDB-pod-Sqlite";
				PRODUCT_NAME = "$(TARGET_NAME)";
				SWIFT_EMIT_LOC_STRINGS = YES;
				SWIFT_VERSION = 5.0;
				TARGETED_DEVICE_FAMILY = "1,2";
			};
			name = Release;
		};
		E436EFCA2B01FD5A00B0DE36 /* Debug */ = {
			isa = XCBuildConfiguration;
			baseConfigurationReference = F2298B0056E6CA05BB044C5C /* Pods-GRDB_pod_SqliteTests.debug.xcconfig */;
			buildSettings = {
				ALWAYS_EMBED_SWIFT_STANDARD_LIBRARIES = YES;
				BUNDLE_LOADER = "$(TEST_HOST)";
				CODE_SIGN_STYLE = Automatic;
				CURRENT_PROJECT_VERSION = 1;
				DEVELOPMENT_TEAM = LN25KMSU93;
				GENERATE_INFOPLIST_FILE = YES;
				IPHONEOS_DEPLOYMENT_TARGET = 17.0;
				MARKETING_VERSION = 1.0;
				PRODUCT_BUNDLE_IDENTIFIER = "Vituruch.GRDB-pod-SqliteTests";
				PRODUCT_NAME = "$(TARGET_NAME)";
				SWIFT_EMIT_LOC_STRINGS = NO;
				SWIFT_VERSION = 5.0;
				TARGETED_DEVICE_FAMILY = "1,2";
				TEST_HOST = "$(BUILT_PRODUCTS_DIR)/GRDB_pod_Sqlite.app/$(BUNDLE_EXECUTABLE_FOLDER_PATH)/GRDB_pod_Sqlite";
			};
			name = Debug;
		};
		E436EFCB2B01FD5A00B0DE36 /* Release */ = {
			isa = XCBuildConfiguration;
			baseConfigurationReference = 627D3C8BA4168C18B3627DC6 /* Pods-GRDB_pod_SqliteTests.release.xcconfig */;
			buildSettings = {
				ALWAYS_EMBED_SWIFT_STANDARD_LIBRARIES = YES;
				BUNDLE_LOADER = "$(TEST_HOST)";
				CODE_SIGN_STYLE = Automatic;
				CURRENT_PROJECT_VERSION = 1;
				DEVELOPMENT_TEAM = LN25KMSU93;
				GENERATE_INFOPLIST_FILE = YES;
				IPHONEOS_DEPLOYMENT_TARGET = 17.0;
				MARKETING_VERSION = 1.0;
				PRODUCT_BUNDLE_IDENTIFIER = "Vituruch.GRDB-pod-SqliteTests";
				PRODUCT_NAME = "$(TARGET_NAME)";
				SWIFT_EMIT_LOC_STRINGS = NO;
				SWIFT_VERSION = 5.0;
				TARGETED_DEVICE_FAMILY = "1,2";
				TEST_HOST = "$(BUILT_PRODUCTS_DIR)/GRDB_pod_Sqlite.app/$(BUNDLE_EXECUTABLE_FOLDER_PATH)/GRDB_pod_Sqlite";
			};
			name = Release;
		};
		E436EFCD2B01FD5A00B0DE36 /* Debug */ = {
			isa = XCBuildConfiguration;
			baseConfigurationReference = E207CD60A49898B033D23147 /* Pods-GRDB_pod_Sqlite-GRDB_pod_SqliteUITests.debug.xcconfig */;
			buildSettings = {
				ALWAYS_EMBED_SWIFT_STANDARD_LIBRARIES = YES;
				CODE_SIGN_STYLE = Automatic;
				CURRENT_PROJECT_VERSION = 1;
				DEVELOPMENT_TEAM = LN25KMSU93;
				GENERATE_INFOPLIST_FILE = YES;
				MARKETING_VERSION = 1.0;
				PRODUCT_BUNDLE_IDENTIFIER = "Vituruch.GRDB-pod-SqliteUITests";
				PRODUCT_NAME = "$(TARGET_NAME)";
				SWIFT_EMIT_LOC_STRINGS = NO;
				SWIFT_VERSION = 5.0;
				TARGETED_DEVICE_FAMILY = "1,2";
				TEST_TARGET_NAME = GRDB_pod_Sqlite;
			};
			name = Debug;
		};
		E436EFCE2B01FD5A00B0DE36 /* Release */ = {
			isa = XCBuildConfiguration;
			baseConfigurationReference = 7C676269772016214669963A /* Pods-GRDB_pod_Sqlite-GRDB_pod_SqliteUITests.release.xcconfig */;
			buildSettings = {
				ALWAYS_EMBED_SWIFT_STANDARD_LIBRARIES = YES;
				CODE_SIGN_STYLE = Automatic;
				CURRENT_PROJECT_VERSION = 1;
				DEVELOPMENT_TEAM = LN25KMSU93;
				GENERATE_INFOPLIST_FILE = YES;
				MARKETING_VERSION = 1.0;
				PRODUCT_BUNDLE_IDENTIFIER = "Vituruch.GRDB-pod-SqliteUITests";
				PRODUCT_NAME = "$(TARGET_NAME)";
				SWIFT_EMIT_LOC_STRINGS = NO;
				SWIFT_VERSION = 5.0;
				TARGETED_DEVICE_FAMILY = "1,2";
				TEST_TARGET_NAME = GRDB_pod_Sqlite;
			};
			name = Release;
		};
/* End XCBuildConfiguration section */

/* Begin XCConfigurationList section */
		E436EF972B01FD5700B0DE36 /* Build configuration list for PBXProject "GRDB_pod_Sqlite" */ = {
			isa = XCConfigurationList;
			buildConfigurations = (
				E436EFC42B01FD5A00B0DE36 /* Debug */,
				E436EFC52B01FD5A00B0DE36 /* Release */,
			);
			defaultConfigurationIsVisible = 0;
			defaultConfigurationName = Release;
		};
		E436EFC62B01FD5A00B0DE36 /* Build configuration list for PBXNativeTarget "GRDB_pod_Sqlite" */ = {
			isa = XCConfigurationList;
			buildConfigurations = (
				E436EFC72B01FD5A00B0DE36 /* Debug */,
				E436EFC82B01FD5A00B0DE36 /* Release */,
			);
			defaultConfigurationIsVisible = 0;
			defaultConfigurationName = Release;
		};
		E436EFC92B01FD5A00B0DE36 /* Build configuration list for PBXNativeTarget "GRDB_pod_SqliteTests" */ = {
			isa = XCConfigurationList;
			buildConfigurations = (
				E436EFCA2B01FD5A00B0DE36 /* Debug */,
				E436EFCB2B01FD5A00B0DE36 /* Release */,
			);
			defaultConfigurationIsVisible = 0;
			defaultConfigurationName = Release;
		};
		E436EFCC2B01FD5A00B0DE36 /* Build configuration list for PBXNativeTarget "GRDB_pod_SqliteUITests" */ = {
			isa = XCConfigurationList;
			buildConfigurations = (
				E436EFCD2B01FD5A00B0DE36 /* Debug */,
				E436EFCE2B01FD5A00B0DE36 /* Release */,
			);
			defaultConfigurationIsVisible = 0;
			defaultConfigurationName = Release;
		};
/* End XCConfigurationList section */
	};
	rootObject = E436EF942B01FD5700B0DE36 /* Project object */;
}
